
Microsoft Visual Studio Solution File, Format Version 12.00
# Visual Studio Version 17
VisualStudioVersion = 17.0.32112.339
MinimumVisualStudioVersion = 10.0.40219.1
Project("{FAE04EC0-301F-11D3-BF4B-00C04F79EFBC}") = "DEsafio de codigo DIO - Contagem de Cedulas", "DEsafio de codigo DIO - Contagem de Cedulas\DEsafio de codigo DIO - Contagem de Cedulas.csproj", "{2ACA5AD3-E050-48C6-B301-FDDD13D89B9E}"
EndProject
Global
	GlobalSection(SolutionConfigurationPlatforms) = preSolution
		Debug|Any CPU = Debug|Any CPU
		Release|Any CPU = Release|Any CPU
	EndGlobalSection
	GlobalSection(ProjectConfigurationPlatforms) = postSolution
		{2ACA5AD3-E050-48C6-B301-FDDD13D89B9E}.Debug|Any CPU.ActiveCfg = Debug|Any CPU
		{2ACA5AD3-E050-48C6-B301-FDDD13D89B9E}.Debug|Any CPU.Build.0 = Debug|Any CPU
		{2ACA5AD3-E050-48C6-B301-FDDD13D89B9E}.Release|Any CPU.ActiveCfg = Release|Any CPU
		{2ACA5AD3-E050-48C6-B301-FDDD13D89B9E}.Release|Any CPU.Build.0 = Release|Any CPU
	EndGlobalSection
	GlobalSection(SolutionProperties) = preSolution
		HideSolutionNode = FALSE
	EndGlobalSection
	GlobalSection(ExtensibilityGlobals) = postSolution
		SolutionGuid = {11010E6D-2486-482D-8262-4223B4F71165}
	EndGlobalSection
EndGlobal
